
Microsoft Visual Studio Solution File, Format Version 12.00
# Visual Studio Version 17
VisualStudioVersion = 17.3.32922.545
MinimumVisualStudioVersion = 10.0.40219.1
Project("{FAE04EC0-301F-11D3-BF4B-00C04F79EFBC}") = "SPLID", "SPLID\SPLID.csproj", "{9FEC6F3A-DF2F-499A-9190-1A031FAC846A}"
EndProject
Global
	GlobalSection(SolutionConfigurationPlatforms) = preSolution
		Debug|Any CPU = Debug|Any CPU
		Release|Any CPU = Release|Any CPU
	EndGlobalSection
	GlobalSection(ProjectConfigurationPlatforms) = postSolution
		{9FEC6F3A-DF2F-499A-9190-1A031FAC846A}.Debug|Any CPU.ActiveCfg = Debug|Any CPU
		{9FEC6F3A-DF2F-499A-9190-1A031FAC846A}.Debug|Any CPU.Build.0 = Debug|Any CPU
		{9FEC6F3A-DF2F-499A-9190-1A031FAC846A}.Release|Any CPU.ActiveCfg = Release|Any CPU
		{9FEC6F3A-DF2F-499A-9190-1A031FAC846A}.Release|Any CPU.Build.0 = Release|Any CPU
	EndGlobalSection
	GlobalSection(SolutionProperties) = preSolution
		HideSolutionNode = FALSE
	EndGlobalSection
	GlobalSection(ExtensibilityGlobals) = postSolution
		SolutionGuid = {66159278-7AD2-4D2E-ACA9-4F4CAB2804F4}
	EndGlobalSection
EndGlobal
